<?xml version="1.0" encoding="UTF-8"?>
<Scheme
   LastUpgradeVersion = "1210"
   version = "1.7">
   <BuildAction
      parallelizeBuildables = "YES"
      buildImplicitDependencies = "YES">
      <BuildActionEntries>
         <BuildActionEntry
            buildForTesting = "YES"
            buildForRunning = "YES"
            buildForProfiling = "YES"
            buildForArchiving = "YES"
            buildForAnalyzing = "YES">
            <BuildableReference
               BuildableIdentifier = "primary"
               BlueprintIdentifier = "1AE20C0C2407390200867692"
               BuildableName = "GitHubFollowers.app"
               BlueprintName = "GitHub"
               ReferencedContainer = "container:GitHub.xcodeproj">
            </BuildableReference>
         </BuildActionEntry>
      </BuildActionEntries>
   </BuildAction>
   <TestAction
      buildConfiguration = "Debug"
      selectedDebuggerIdentifier = "Xcode.DebuggerFoundation.Debugger.LLDB"
      selectedLauncherIdentifier = "Xcode.DebuggerFoundation.Launcher.LLDB"
      shouldUseLaunchSchemeArgsEnv = "YES"
      codeCoverageEnabled = "YES">
      <TestPlans>
         <TestPlanReference
            reference = "container:../../GitHub.xctestplan"
            default = "YES">
         </TestPlanReference>
      </TestPlans>
      <Testables>
         <TestableReference
            skipped = "NO">
            <BuildableReference
               BuildableIdentifier = "primary"
               BlueprintIdentifier = "1AE20C222407390400867692"
               BuildableName = "GitHubTests.xctest"
               BlueprintName = "GitHubTests"
               ReferencedContainer = "container:GitHub.xcodeproj">
            </BuildableReference>
         </TestableReference>
         <TestableReference
            skipped = "NO">
            <BuildableReference
               BuildableIdentifier = "primary"
               BlueprintIdentifier = "1AE20C2D2407390400867692"
               BuildableName = "GitHubUITests.xctest"
               BlueprintName = "GitHubUITests"
               ReferencedContainer = "container:GitHub.xcodeproj">
            </BuildableReference>
         </TestableReference>
         <TestableReference
            skipped = "NO">
            <BuildableReference
               BuildableIdentifier = "primary"
               BlueprintIdentifier = "1AE20BF22407361C00867692"
               BuildableName = "CommonsTests.xctest"
               BlueprintName = "CommonsTests"
               ReferencedContainer = "container:../../In-House Frameworks/Commons/Commons.xcodeproj">
            </BuildableReference>
         </TestableReference>
         <TestableReference
            skipped = "NO">
            <BuildableReference
               BuildableIdentifier = "primary"
               BlueprintIdentifier = "1AE20C552407404000867692"
               BuildableName = "CoreTests.xctest"
               BlueprintName = "CoreTests"
               ReferencedContainer = "container:../../In-House Frameworks/Core/Core.xcodeproj">
            </BuildableReference>
         </TestableReference>
         <TestableReference
            skipped = "NO">
            <BuildableReference
               BuildableIdentifier = "primary"
               BlueprintIdentifier = "1A1C2F27242E859100096731"
               BuildableName = "GetFollowersTests.xctest"
               BlueprintName = "GetFollowersTests"
               ReferencedContainer = "container:../../Features/GetFollowers/GetFollowers.xcodeproj">
            </BuildableReference>
         </TestableReference>
         <TestableReference
            skipped = "NO">
            <BuildableReference
               BuildableIdentifier = "primary"
               BlueprintIdentifier = "1AF58A34242BC19D00275733"
               BuildableName = "UIComponentsTests.xctest"
               BlueprintName = "UIComponentsTests"
               ReferencedContainer = "container:../../In-House Frameworks/UIComponents/UIComponents.xcodeproj">
            </BuildableReference>
         </TestableReference>
         <TestableReference
            skipped = "NO">
            <BuildableReference
               BuildableIdentifier = "primary"
               BlueprintIdentifier = "1A94FD392433CA690095932A"
               BuildableName = "NetworkingTests.xctest"
               BlueprintName = "NetworkingTests"
               ReferencedContainer = "container:../../In-House Frameworks/Networking/Networking.xcodeproj">
            </BuildableReference>
         </TestableReference>
         <TestableReference
            skipped = "NO">
            <BuildableReference
               BuildableIdentifier = "primary"
               BlueprintIdentifier = "1A622C1F25C22F250083782E"
               BuildableName = "ImageDownloaderTests.xctest"
               BlueprintName = "ImageDownloaderTests"
               ReferencedContainer = "container:../../In-House Frameworks/ImageDownloader/ImageDownloader.xcodeproj">
            </BuildableReference>
         </TestableReference>
         <TestableReference
            skipped = "NO">
            <BuildableReference
               BuildableIdentifier = "primary"
               BlueprintIdentifier = "1A622C1F25C22F250083782E"
               BuildableName = "ImageDownloaderTests.xctest"
               BlueprintName = "ImageDownloaderTests"
               ReferencedContainer = "container:../../In-House Frameworks/ImageDownloader/ImageDownloader.xcodeproj">
            </BuildableReference>
         </TestableReference>
         <TestableReference
            skipped = "NO">
            <BuildableReference
               BuildableIdentifier = "primary"
               BlueprintIdentifier = "1AB7CBB525E1F53800A4780D"
               BuildableName = "UserInformationTests.xctest"
               BlueprintName = "UserInformationTests"
               ReferencedContainer = "container:../../Features/UserInformation/UserInformation.xcodeproj">
            </BuildableReference>
         </TestableReference>
         <TestableReference
            skipped = "NO">
            <BuildableReference
               BuildableIdentifier = "primary"
               BlueprintIdentifier = "1AB7CBB525E1F53800A4780D"
               BuildableName = "UserInformationTests.xctest"
               BlueprintName = "UserInformationTests"
               ReferencedContainer = "container:../../Features/UserInformation/UserInformation.xcodeproj">
            </BuildableReference>
         </TestableReference>
      </Testables>
   </TestAction>
   <LaunchAction
      buildConfiguration = "Debug"
      selectedDebuggerIdentifier = "Xcode.DebuggerFoundation.Debugger.LLDB"
      selectedLauncherIdentifier = "Xcode.DebuggerFoundation.Launcher.LLDB"
      enableASanStackUseAfterReturn = "YES"
      launchStyle = "0"
      useCustomWorkingDirectory = "NO"
      ignoresPersistentStateOnLaunch = "NO"
      debugDocumentVersioning = "YES"
      debugServiceExtension = "internal"
      allowLocationSimulation = "YES">
      <BuildableProductRunnable
         runnableDebuggingMode = "0">
         <BuildableReference
            BuildableIdentifier = "primary"
            BlueprintIdentifier = "1AE20C0C2407390200867692"
            BuildableName = "GitHubFollowers.app"
            BlueprintName = "GitHub"
            ReferencedContainer = "container:GitHub.xcodeproj">
         </BuildableReference>
      </BuildableProductRunnable>
      <CommandLineArguments>
         <CommandLineArgument
            argument = "-testMode"
            isEnabled = "NO">
         </CommandLineArgument>
      </CommandLineArguments>
   </LaunchAction>
   <ProfileAction
      buildConfiguration = "Release"
      shouldUseLaunchSchemeArgsEnv = "YES"
      savedToolIdentifier = ""
      useCustomWorkingDirectory = "NO"
      debugDocumentVersioning = "YES">
      <BuildableProductRunnable
         runnableDebuggingMode = "0">
         <BuildableReference
            BuildableIdentifier = "primary"
            BlueprintIdentifier = "1AE20C0C2407390200867692"
            BuildableName = "GitHubFollowers.app"
            BlueprintName = "GitHub"
            ReferencedContainer = "container:GitHub.xcodeproj">
         </BuildableReference>
      </BuildableProductRunnable>
   </ProfileAction>
   <AnalyzeAction
      buildConfiguration = "Debug">
   </AnalyzeAction>
   <ArchiveAction
      buildConfiguration = "Release"
      revealArchiveInOrganizer = "YES">
   </ArchiveAction>
</Scheme>
