// !$*UTF8*$!
{
	archiveVersion = 1;
	classes = {
	};
	objectVersion = 50;
	objects = {

/* Begin PBXBuildFile section */
		1A02EDE32548B05400C86CCD /* FollowersCollectionViewConfigurator.swift in Sources */ = {isa = PBXBuildFile; fileRef = 1A02EDE22548B05400C86CCD /* FollowersCollectionViewConfigurator.swift */; };
		1A1C2F29242E859100096731 /* GetFollowers.framework in Frameworks */ = {isa = PBXBuildFile; fileRef = 1A1C2F1F242E859100096731 /* GetFollowers.framework */; };
		1A1C2F30242E859100096731 /* GetFollowers.h in Headers */ = {isa = PBXBuildFile; fileRef = 1A1C2F22242E859100096731 /* GetFollowers.h */; settings = {ATTRIBUTES = (Public, ); }; };
		1A1C2F49242E85F200096731 /* Follower.swift in Sources */ = {isa = PBXBuildFile; fileRef = 1A1C2F3F242E85F200096731 /* Follower.swift */; };
		1A1C2F4A242E85F200096731 /* GetFollowersError.swift in Sources */ = {isa = PBXBuildFile; fileRef = 1A1C2F40242E85F200096731 /* GetFollowersError.swift */; };
		1A1C2F4B242E85F200096731 /* GetFollowersLogicController.swift in Sources */ = {isa = PBXBuildFile; fileRef = 1A1C2F42242E85F200096731 /* GetFollowersLogicController.swift */; };
		1A1C2F4C242E85F200096731 /* GetFollowersViewController.swift in Sources */ = {isa = PBXBuildFile; fileRef = 1A1C2F43242E85F200096731 /* GetFollowersViewController.swift */; };
		1A1C2F4D242E85F200096731 /* GetFollowersView.swift in Sources */ = {isa = PBXBuildFile; fileRef = 1A1C2F45242E85F200096731 /* GetFollowersView.swift */; };
		1A1C2F4E242E85F200096731 /* GetFollowersAlertPresenter.swift in Sources */ = {isa = PBXBuildFile; fileRef = 1A1C2F46242E85F200096731 /* GetFollowersAlertPresenter.swift */; };
		1A1C2F50242E863400096731 /* GetFollowersCoordinator.swift in Sources */ = {isa = PBXBuildFile; fileRef = 1A1C2F4F242E863400096731 /* GetFollowersCoordinator.swift */; };
		1A4247D02550B104007E42C5 /* FollowersNetworkingRequest.swift in Sources */ = {isa = PBXBuildFile; fileRef = 1A4247CF2550B104007E42C5 /* FollowersNetworkingRequest.swift */; };
		1A5174E8255B5A48006ACB76 /* UserNetworkingResponse.swift in Sources */ = {isa = PBXBuildFile; fileRef = 1A5174E7255B5A48006ACB76 /* UserNetworkingResponse.swift */; };
		1A5174EC255B5C4C006ACB76 /* GetUserNetworkingRequest.swift in Sources */ = {isa = PBXBuildFile; fileRef = 1A5174EB255B5C4C006ACB76 /* GetUserNetworkingRequest.swift */; };
		1A6A3955246A0EFE0097C195 /* Commons.framework in Frameworks */ = {isa = PBXBuildFile; fileRef = 1A6A3954246A0EFE0097C195 /* Commons.framework */; };
		1A6A673925BA2F06004F1FC1 /* UserInformation.swift in Sources */ = {isa = PBXBuildFile; fileRef = 1A6A673825BA2F06004F1FC1 /* UserInformation.swift */; };
		1A6A675D25BA84EA004F1FC1 /* UserInformation.json in Resources */ = {isa = PBXBuildFile; fileRef = 1A6A675C25BA84EA004F1FC1 /* UserInformation.json */; };
		1A6A67B925BBB9EB004F1FC1 /* FollowersRequest.swift in Sources */ = {isa = PBXBuildFile; fileRef = 1A6A67B825BBB9EB004F1FC1 /* FollowersRequest.swift */; };
		1A94FD0D2431695E0095932A /* GetFollowersViewContollerTests.swift in Sources */ = {isa = PBXBuildFile; fileRef = 1A94FD0C2431695E0095932A /* GetFollowersViewContollerTests.swift */; };
		1A94FD132432719B0095932A /* GetFollowersAlertPresenterMock.swift in Sources */ = {isa = PBXBuildFile; fileRef = 1A94FD122432719B0095932A /* GetFollowersAlertPresenterMock.swift */; };
		1A94FD19243297E10095932A /* GetFollowersViewControllerDelegateMock.swift in Sources */ = {isa = PBXBuildFile; fileRef = 1A94FD18243297E10095932A /* GetFollowersViewControllerDelegateMock.swift */; };
		1A94FD1D24336A230095932A /* GetFollowersLogicControllerTests.swift in Sources */ = {isa = PBXBuildFile; fileRef = 1A94FD1C24336A230095932A /* GetFollowersLogicControllerTests.swift */; };
		1A94FD1F243378710095932A /* GetFollowersService.swift in Sources */ = {isa = PBXBuildFile; fileRef = 1A94FD1E243378710095932A /* GetFollowersService.swift */; };
		1A94FD262433936C0095932A /* FollowerResponse.swift in Sources */ = {isa = PBXBuildFile; fileRef = 1A94FD252433936C0095932A /* FollowerResponse.swift */; };
		1A94FD4C2433CCD30095932A /* GetFollowersServiceMock.swift in Sources */ = {isa = PBXBuildFile; fileRef = 1A94FD4B2433CCD30095932A /* GetFollowersServiceMock.swift */; };
		1A95290B244D122B00A5ED5D /* Networking.framework in Frameworks */ = {isa = PBXBuildFile; fileRef = 1A95290A244D122B00A5ED5D /* Networking.framework */; };
		1A952913244D385600A5ED5D /* GetFollowersNetworkingRequest.swift in Sources */ = {isa = PBXBuildFile; fileRef = 1A952912244D385600A5ED5D /* GetFollowersNetworkingRequest.swift */; };
		1AA35DB525DC67630034DD84 /* ImageDownloader.framework in Frameworks */ = {isa = PBXBuildFile; fileRef = 1A1BD93025C64BDC008E9088 /* ImageDownloader.framework */; };
		1AAD12B9247AAF4700C563F9 /* FollowersViewController.swift in Sources */ = {isa = PBXBuildFile; fileRef = 1AAD12B8247AAF4700C563F9 /* FollowersViewController.swift */; };
		1AB702572443CDFF006F4CDD /* UIComponents.framework in Frameworks */ = {isa = PBXBuildFile; fileRef = 1AB702562443CDFF006F4CDD /* UIComponents.framework */; };
		1AB7CBE325E2003B00A4780D /* GetFollowersViewControllerTestAPI.swift in Sources */ = {isa = PBXBuildFile; fileRef = 1AB7CBE225E2003B00A4780D /* GetFollowersViewControllerTestAPI.swift */; };
		1AB7CBF525E2119900A4780D /* GetFollowersLogicControllerTestAPI.swift in Sources */ = {isa = PBXBuildFile; fileRef = 1AB7CBF425E2119900A4780D /* GetFollowersLogicControllerTestAPI.swift */; };
		1ABBDD5625E0B93900CCAA35 /* FollowersEmptyBackgroundView.swift in Sources */ = {isa = PBXBuildFile; fileRef = 1ABBDD5525E0B93900CCAA35 /* FollowersEmptyBackgroundView.swift */; };
		1ABEB91A2548696E00B04478 /* Section.swift in Sources */ = {isa = PBXBuildFile; fileRef = 1ABEB9192548696E00B04478 /* Section.swift */; };
		1ABEB920254869E000B04478 /* Follower+Hashble.swift in Sources */ = {isa = PBXBuildFile; fileRef = 1ABEB91F254869E000B04478 /* Follower+Hashble.swift */; };
		1ABEB92525486F1600B04478 /* FollowerCollectionViewCell.swift in Sources */ = {isa = PBXBuildFile; fileRef = 1ABEB92425486F1600B04478 /* FollowerCollectionViewCell.swift */; };
		1AC5569E24C475F700EE1E08 /* FollowersLogicController.swift in Sources */ = {isa = PBXBuildFile; fileRef = 1AC5569D24C475F700EE1E08 /* FollowersLogicController.swift */; };
		1AD82C282460DE00000CCD95 /* Localizable.strings in Resources */ = {isa = PBXBuildFile; fileRef = 1AD82C272460DE00000CCD95 /* Localizable.strings */; };
		1AED2CFA247A19FE000BC13A /* GetFollowersCoordintaor+GetFollowersViewControllerDelegate.swift in Sources */ = {isa = PBXBuildFile; fileRef = 1AED2CF9247A19FE000BC13A /* GetFollowersCoordintaor+GetFollowersViewControllerDelegate.swift */; };
		1AEFAEB9245F7BAB00F64C17 /* ImagesAssets.swift in Sources */ = {isa = PBXBuildFile; fileRef = 1AEFAEB8245F7BAB00F64C17 /* ImagesAssets.swift */; };
		1AEFAEBB245F7BC600F64C17 /* LocalizedStrings.swift in Sources */ = {isa = PBXBuildFile; fileRef = 1AEFAEBA245F7BC600F64C17 /* LocalizedStrings.swift */; };
		1AFCE0472550A49F00CCC878 /* FollowersService.swift in Sources */ = {isa = PBXBuildFile; fileRef = 1AFCE0462550A49F00CCC878 /* FollowersService.swift */; };
		1AFEF7CB25B11758001DC70B /* GetFollowersViewMock.swift in Sources */ = {isa = PBXBuildFile; fileRef = 1AFEF7CA25B11758001DC70B /* GetFollowersViewMock.swift */; };
		1AFEF7CF25B1262F001DC70B /* KeyboardObserverMock.swift in Sources */ = {isa = PBXBuildFile; fileRef = 1AFEF7CE25B1262F001DC70B /* KeyboardObserverMock.swift */; };
/* End PBXBuildFile section */

/* Begin PBXContainerItemProxy section */
		1A1C2F2A242E859100096731 /* PBXContainerItemProxy */ = {
			isa = PBXContainerItemProxy;
			containerPortal = 1A1C2F16242E859000096731 /* Project object */;
			proxyType = 1;
			remoteGlobalIDString = 1A1C2F1E242E859000096731;
			remoteInfo = GetFollowers;
		};
/* End PBXContainerItemProxy section */

/* Begin PBXFileReference section */
		1A02EDE22548B05400C86CCD /* FollowersCollectionViewConfigurator.swift */ = {isa = PBXFileReference; lastKnownFileType = sourcecode.swift; path = FollowersCollectionViewConfigurator.swift; sourceTree = "<group>"; };
		1A1BD93025C64BDC008E9088 /* ImageDownloader.framework */ = {isa = PBXFileReference; explicitFileType = wrapper.framework; path = ImageDownloader.framework; sourceTree = BUILT_PRODUCTS_DIR; };
		1A1C2F1F242E859100096731 /* GetFollowers.framework */ = {isa = PBXFileReference; explicitFileType = wrapper.framework; includeInIndex = 0; path = GetFollowers.framework; sourceTree = BUILT_PRODUCTS_DIR; };
		1A1C2F22242E859100096731 /* GetFollowers.h */ = {isa = PBXFileReference; lastKnownFileType = sourcecode.c.h; path = GetFollowers.h; sourceTree = "<group>"; };
		1A1C2F23242E859100096731 /* Info.plist */ = {isa = PBXFileReference; lastKnownFileType = text.plist.xml; path = Info.plist; sourceTree = "<group>"; };
		1A1C2F28242E859100096731 /* GetFollowersTests.xctest */ = {isa = PBXFileReference; explicitFileType = wrapper.cfbundle; includeInIndex = 0; path = GetFollowersTests.xctest; sourceTree = BUILT_PRODUCTS_DIR; };
		1A1C2F2F242E859100096731 /* Info.plist */ = {isa = PBXFileReference; lastKnownFileType = text.plist.xml; path = Info.plist; sourceTree = "<group>"; };
		1A1C2F3F242E85F200096731 /* Follower.swift */ = {isa = PBXFileReference; fileEncoding = 4; lastKnownFileType = sourcecode.swift; path = Follower.swift; sourceTree = "<group>"; };
		1A1C2F40242E85F200096731 /* GetFollowersError.swift */ = {isa = PBXFileReference; fileEncoding = 4; lastKnownFileType = sourcecode.swift; path = GetFollowersError.swift; sourceTree = "<group>"; };
		1A1C2F42242E85F200096731 /* GetFollowersLogicController.swift */ = {isa = PBXFileReference; fileEncoding = 4; lastKnownFileType = sourcecode.swift; path = GetFollowersLogicController.swift; sourceTree = "<group>"; };
		1A1C2F43242E85F200096731 /* GetFollowersViewController.swift */ = {isa = PBXFileReference; fileEncoding = 4; lastKnownFileType = sourcecode.swift; path = GetFollowersViewController.swift; sourceTree = "<group>"; };
		1A1C2F45242E85F200096731 /* GetFollowersView.swift */ = {isa = PBXFileReference; fileEncoding = 4; lastKnownFileType = sourcecode.swift; path = GetFollowersView.swift; sourceTree = "<group>"; };
		1A1C2F46242E85F200096731 /* GetFollowersAlertPresenter.swift */ = {isa = PBXFileReference; fileEncoding = 4; lastKnownFileType = sourcecode.swift; path = GetFollowersAlertPresenter.swift; sourceTree = "<group>"; };
		1A1C2F4F242E863400096731 /* GetFollowersCoordinator.swift */ = {isa = PBXFileReference; fileEncoding = 4; lastKnownFileType = sourcecode.swift; path = GetFollowersCoordinator.swift; sourceTree = "<group>"; };
		1A4247CF2550B104007E42C5 /* FollowersNetworkingRequest.swift */ = {isa = PBXFileReference; lastKnownFileType = sourcecode.swift; path = FollowersNetworkingRequest.swift; sourceTree = "<group>"; };
		1A5174E7255B5A48006ACB76 /* UserNetworkingResponse.swift */ = {isa = PBXFileReference; lastKnownFileType = sourcecode.swift; path = UserNetworkingResponse.swift; sourceTree = "<group>"; };
		1A5174EB255B5C4C006ACB76 /* GetUserNetworkingRequest.swift */ = {isa = PBXFileReference; lastKnownFileType = sourcecode.swift; path = GetUserNetworkingRequest.swift; sourceTree = "<group>"; };
		1A6A3954246A0EFE0097C195 /* Commons.framework */ = {isa = PBXFileReference; explicitFileType = wrapper.framework; path = Commons.framework; sourceTree = BUILT_PRODUCTS_DIR; };
		1A6A673825BA2F06004F1FC1 /* UserInformation.swift */ = {isa = PBXFileReference; lastKnownFileType = sourcecode.swift; path = UserInformation.swift; sourceTree = "<group>"; };
		1A6A675C25BA84EA004F1FC1 /* UserInformation.json */ = {isa = PBXFileReference; lastKnownFileType = text.json; path = UserInformation.json; sourceTree = "<group>"; };
		1A6A67B825BBB9EB004F1FC1 /* FollowersRequest.swift */ = {isa = PBXFileReference; lastKnownFileType = sourcecode.swift; path = FollowersRequest.swift; sourceTree = "<group>"; };
		1A94FD0C2431695E0095932A /* GetFollowersViewContollerTests.swift */ = {isa = PBXFileReference; lastKnownFileType = sourcecode.swift; path = GetFollowersViewContollerTests.swift; sourceTree = "<group>"; };
		1A94FD122432719B0095932A /* GetFollowersAlertPresenterMock.swift */ = {isa = PBXFileReference; lastKnownFileType = sourcecode.swift; path = GetFollowersAlertPresenterMock.swift; sourceTree = "<group>"; };
		1A94FD18243297E10095932A /* GetFollowersViewControllerDelegateMock.swift */ = {isa = PBXFileReference; lastKnownFileType = sourcecode.swift; path = GetFollowersViewControllerDelegateMock.swift; sourceTree = "<group>"; };
		1A94FD1C24336A230095932A /* GetFollowersLogicControllerTests.swift */ = {isa = PBXFileReference; lastKnownFileType = sourcecode.swift; path = GetFollowersLogicControllerTests.swift; sourceTree = "<group>"; };
		1A94FD1E243378710095932A /* GetFollowersService.swift */ = {isa = PBXFileReference; lastKnownFileType = sourcecode.swift; path = GetFollowersService.swift; sourceTree = "<group>"; };
		1A94FD252433936C0095932A /* FollowerResponse.swift */ = {isa = PBXFileReference; fileEncoding = 4; lastKnownFileType = sourcecode.swift; path = FollowerResponse.swift; sourceTree = "<group>"; };
		1A94FD4B2433CCD30095932A /* GetFollowersServiceMock.swift */ = {isa = PBXFileReference; lastKnownFileType = sourcecode.swift; path = GetFollowersServiceMock.swift; sourceTree = "<group>"; };
		1A95290A244D122B00A5ED5D /* Networking.framework */ = {isa = PBXFileReference; explicitFileType = wrapper.framework; path = Networking.framework; sourceTree = BUILT_PRODUCTS_DIR; };
		1A952912244D385600A5ED5D /* GetFollowersNetworkingRequest.swift */ = {isa = PBXFileReference; lastKnownFileType = sourcecode.swift; path = GetFollowersNetworkingRequest.swift; sourceTree = "<group>"; };
		1AAD12B8247AAF4700C563F9 /* FollowersViewController.swift */ = {isa = PBXFileReference; lastKnownFileType = sourcecode.swift; path = FollowersViewController.swift; sourceTree = "<group>"; };
		1AB702562443CDFF006F4CDD /* UIComponents.framework */ = {isa = PBXFileReference; explicitFileType = wrapper.framework; path = UIComponents.framework; sourceTree = BUILT_PRODUCTS_DIR; };
		1AB7CBE225E2003B00A4780D /* GetFollowersViewControllerTestAPI.swift */ = {isa = PBXFileReference; lastKnownFileType = sourcecode.swift; path = GetFollowersViewControllerTestAPI.swift; sourceTree = "<group>"; };
		1AB7CBF425E2119900A4780D /* GetFollowersLogicControllerTestAPI.swift */ = {isa = PBXFileReference; lastKnownFileType = sourcecode.swift; path = GetFollowersLogicControllerTestAPI.swift; sourceTree = "<group>"; };
		1ABBDD5525E0B93900CCAA35 /* FollowersEmptyBackgroundView.swift */ = {isa = PBXFileReference; lastKnownFileType = sourcecode.swift; path = FollowersEmptyBackgroundView.swift; sourceTree = "<group>"; };
		1ABEB9192548696E00B04478 /* Section.swift */ = {isa = PBXFileReference; lastKnownFileType = sourcecode.swift; path = Section.swift; sourceTree = "<group>"; };
		1ABEB91F254869E000B04478 /* Follower+Hashble.swift */ = {isa = PBXFileReference; lastKnownFileType = sourcecode.swift; path = "Follower+Hashble.swift"; sourceTree = "<group>"; };
		1ABEB92425486F1600B04478 /* FollowerCollectionViewCell.swift */ = {isa = PBXFileReference; lastKnownFileType = sourcecode.swift; path = FollowerCollectionViewCell.swift; sourceTree = "<group>"; };
		1AC5569D24C475F700EE1E08 /* FollowersLogicController.swift */ = {isa = PBXFileReference; lastKnownFileType = sourcecode.swift; path = FollowersLogicController.swift; sourceTree = "<group>"; };
		1AD82C272460DE00000CCD95 /* Localizable.strings */ = {isa = PBXFileReference; lastKnownFileType = text.plist.strings; path = Localizable.strings; sourceTree = "<group>"; };
		1AED2CF9247A19FE000BC13A /* GetFollowersCoordintaor+GetFollowersViewControllerDelegate.swift */ = {isa = PBXFileReference; lastKnownFileType = sourcecode.swift; path = "GetFollowersCoordintaor+GetFollowersViewControllerDelegate.swift"; sourceTree = "<group>"; };
		1AEFAEB8245F7BAB00F64C17 /* ImagesAssets.swift */ = {isa = PBXFileReference; lastKnownFileType = sourcecode.swift; path = ImagesAssets.swift; sourceTree = "<group>"; };
		1AEFAEBA245F7BC600F64C17 /* LocalizedStrings.swift */ = {isa = PBXFileReference; lastKnownFileType = sourcecode.swift; path = LocalizedStrings.swift; sourceTree = "<group>"; };
		1AFCE0462550A49F00CCC878 /* FollowersService.swift */ = {isa = PBXFileReference; lastKnownFileType = sourcecode.swift; path = FollowersService.swift; sourceTree = "<group>"; };
		1AFEF7CA25B11758001DC70B /* GetFollowersViewMock.swift */ = {isa = PBXFileReference; lastKnownFileType = sourcecode.swift; path = GetFollowersViewMock.swift; sourceTree = "<group>"; };
		1AFEF7CE25B1262F001DC70B /* KeyboardObserverMock.swift */ = {isa = PBXFileReference; lastKnownFileType = sourcecode.swift; path = KeyboardObserverMock.swift; sourceTree = "<group>"; };
/* End PBXFileReference section */

/* Begin PBXFrameworksBuildPhase section */
		1A1C2F1C242E859000096731 /* Frameworks */ = {
			isa = PBXFrameworksBuildPhase;
			buildActionMask = 2147483647;
			files = (
				1A95290B244D122B00A5ED5D /* Networking.framework in Frameworks */,
				1AB702572443CDFF006F4CDD /* UIComponents.framework in Frameworks */,
				1A6A3955246A0EFE0097C195 /* Commons.framework in Frameworks */,
				1AA35DB525DC67630034DD84 /* ImageDownloader.framework in Frameworks */,
			);
			runOnlyForDeploymentPostprocessing = 0;
		};
		1A1C2F25242E859100096731 /* Frameworks */ = {
			isa = PBXFrameworksBuildPhase;
			buildActionMask = 2147483647;
			files = (
				1A1C2F29242E859100096731 /* GetFollowers.framework in Frameworks */,
			);
			runOnlyForDeploymentPostprocessing = 0;
		};
/* End PBXFrameworksBuildPhase section */

/* Begin PBXGroup section */
		1A1C2F15242E859000096731 = {
			isa = PBXGroup;
			children = (
				1A1C2F21242E859100096731 /* GetFollowers */,
				1A1C2F2C242E859100096731 /* GetFollowersTests */,
				1A1C2F20242E859100096731 /* Products */,
				1AB702552443CDFF006F4CDD /* Frameworks */,
			);
			sourceTree = "<group>";
		};
		1A1C2F20242E859100096731 /* Products */ = {
			isa = PBXGroup;
			children = (
				1A1C2F1F242E859100096731 /* GetFollowers.framework */,
				1A1C2F28242E859100096731 /* GetFollowersTests.xctest */,
			);
			name = Products;
			sourceTree = "<group>";
		};
		1A1C2F21242E859100096731 /* GetFollowers */ = {
			isa = PBXGroup;
			children = (
				1A65D7F92483DDD4001772EC /* Models */,
				1AD82C262460DD91000CCD95 /* Supporting Files */,
				1AEFAEB7245F7B6800F64C17 /* Assets */,
				1A1C2F39242E85F200096731 /* Coordinator */,
				1A1C2F3B242E85F200096731 /* Scenes */,
			);
			path = GetFollowers;
			sourceTree = "<group>";
		};
		1A1C2F2C242E859100096731 /* GetFollowersTests */ = {
			isa = PBXGroup;
			children = (
				1A94FD0A2431692B0095932A /* Scenes */,
				1A1C2F2F242E859100096731 /* Info.plist */,
			);
			path = GetFollowersTests;
			sourceTree = "<group>";
		};
		1A1C2F39242E85F200096731 /* Coordinator */ = {
			isa = PBXGroup;
			children = (
				1A1C2F4F242E863400096731 /* GetFollowersCoordinator.swift */,
				1AED2CF9247A19FE000BC13A /* GetFollowersCoordintaor+GetFollowersViewControllerDelegate.swift */,
			);
			path = Coordinator;
			sourceTree = "<group>";
		};
		1A1C2F3B242E85F200096731 /* Scenes */ = {
			isa = PBXGroup;
			children = (
				1AED2CF52479FD67000BC13A /* Followers */,
				1A1C2F3C242E85F200096731 /* Get Followers */,
			);
			path = Scenes;
			sourceTree = "<group>";
		};
		1A1C2F3C242E85F200096731 /* Get Followers */ = {
			isa = PBXGroup;
			children = (
				1A1C2F3D242E85F200096731 /* Model */,
				1A1C2F41242E85F200096731 /* Controllers */,
				1A1C2F44242E85F200096731 /* Views */,
			);
			path = "Get Followers";
			sourceTree = "<group>";
		};
		1A1C2F3D242E85F200096731 /* Model */ = {
			isa = PBXGroup;
			children = (
				1AFCE0442550A45E00CCC878 /* Service */,
				1A94FD20243379880095932A /* Networking */,
			);
			path = Model;
			sourceTree = "<group>";
		};
		1A1C2F41242E85F200096731 /* Controllers */ = {
			isa = PBXGroup;
			children = (
				1A1C2F42242E85F200096731 /* GetFollowersLogicController.swift */,
				1A1C2F43242E85F200096731 /* GetFollowersViewController.swift */,
			);
			path = Controllers;
			sourceTree = "<group>";
		};
		1A1C2F44242E85F200096731 /* Views */ = {
			isa = PBXGroup;
			children = (
				1A1C2F45242E85F200096731 /* GetFollowersView.swift */,
				1A1C2F46242E85F200096731 /* GetFollowersAlertPresenter.swift */,
			);
			path = Views;
			sourceTree = "<group>";
		};
		1A4247CE2550B0D2007E42C5 /* Networking */ = {
			isa = PBXGroup;
			children = (
				1A4247CF2550B104007E42C5 /* FollowersNetworkingRequest.swift */,
			);
			path = Networking;
			sourceTree = "<group>";
		};
		1A65D7F92483DDD4001772EC /* Models */ = {
			isa = PBXGroup;
			children = (
				1A1C2F3F242E85F200096731 /* Follower.swift */,
				1A1C2F40242E85F200096731 /* GetFollowersError.swift */,
				1A6A673825BA2F06004F1FC1 /* UserInformation.swift */,
			);
			path = Models;
			sourceTree = "<group>";
		};
		1A6A675B25BA84BA004F1FC1 /* JSON */ = {
			isa = PBXGroup;
			children = (
				1A6A675C25BA84EA004F1FC1 /* UserInformation.json */,
			);
			path = JSON;
			sourceTree = "<group>";
		};
		1A94FD0A2431692B0095932A /* Scenes */ = {
			isa = PBXGroup;
			children = (
				1A94FD0B243169330095932A /* Get Followers */,
			);
			path = Scenes;
			sourceTree = "<group>";
		};
		1A94FD0B243169330095932A /* Get Followers */ = {
			isa = PBXGroup;
			children = (
				1A6A675B25BA84BA004F1FC1 /* JSON */,
				1A94FD0F24326FC40095932A /* Mocks */,
				1A94FD1A24329E630095932A /* Controllers */,
			);
			path = "Get Followers";
			sourceTree = "<group>";
		};
		1A94FD0F24326FC40095932A /* Mocks */ = {
			isa = PBXGroup;
			children = (
				1A94FD122432719B0095932A /* GetFollowersAlertPresenterMock.swift */,
				1A94FD18243297E10095932A /* GetFollowersViewControllerDelegateMock.swift */,
				1A94FD4B2433CCD30095932A /* GetFollowersServiceMock.swift */,
				1AFEF7CA25B11758001DC70B /* GetFollowersViewMock.swift */,
				1AFEF7CE25B1262F001DC70B /* KeyboardObserverMock.swift */,
			);
			path = Mocks;
			sourceTree = "<group>";
		};
		1A94FD1A24329E630095932A /* Controllers */ = {
			isa = PBXGroup;
			children = (
				1A94FD0C2431695E0095932A /* GetFollowersViewContollerTests.swift */,
				1A94FD1C24336A230095932A /* GetFollowersLogicControllerTests.swift */,
				1AB7CBE225E2003B00A4780D /* GetFollowersViewControllerTestAPI.swift */,
				1AB7CBF425E2119900A4780D /* GetFollowersLogicControllerTestAPI.swift */,
			);
			path = Controllers;
			sourceTree = "<group>";
		};
		1A94FD20243379880095932A /* Networking */ = {
			isa = PBXGroup;
			children = (
				1A94FD252433936C0095932A /* FollowerResponse.swift */,
				1A952912244D385600A5ED5D /* GetFollowersNetworkingRequest.swift */,
				1A5174E7255B5A48006ACB76 /* UserNetworkingResponse.swift */,
				1A5174EB255B5C4C006ACB76 /* GetUserNetworkingRequest.swift */,
			);
			path = Networking;
			sourceTree = "<group>";
		};
		1AB702552443CDFF006F4CDD /* Frameworks */ = {
			isa = PBXGroup;
			children = (
				1A1BD93025C64BDC008E9088 /* ImageDownloader.framework */,
				1A6A3954246A0EFE0097C195 /* Commons.framework */,
				1A95290A244D122B00A5ED5D /* Networking.framework */,
				1AB702562443CDFF006F4CDD /* UIComponents.framework */,
			);
			name = Frameworks;
			sourceTree = "<group>";
		};
		1ABEB92325486EF600B04478 /* View */ = {
			isa = PBXGroup;
			children = (
				1ABEB92425486F1600B04478 /* FollowerCollectionViewCell.swift */,
				1ABBDD5525E0B93900CCAA35 /* FollowersEmptyBackgroundView.swift */,
			);
			path = View;
			sourceTree = "<group>";
		};
		1AD82C262460DD91000CCD95 /* Supporting Files */ = {
			isa = PBXGroup;
			children = (
				1A1C2F22242E859100096731 /* GetFollowers.h */,
				1A1C2F23242E859100096731 /* Info.plist */,
				1AD82C272460DE00000CCD95 /* Localizable.strings */,
			);
			path = "Supporting Files";
			sourceTree = "<group>";
		};
		1AED2CF52479FD67000BC13A /* Followers */ = {
			isa = PBXGroup;
			children = (
				1ABEB92325486EF600B04478 /* View */,
				1AED2CF82479FDEB000BC13A /* Model */,
				1AED2CF62479FD83000BC13A /* Controllers */,
			);
			path = Followers;
			sourceTree = "<group>";
		};
		1AED2CF62479FD83000BC13A /* Controllers */ = {
			isa = PBXGroup;
			children = (
				1AAD12B8247AAF4700C563F9 /* FollowersViewController.swift */,
				1AC5569D24C475F700EE1E08 /* FollowersLogicController.swift */,
				1A02EDE22548B05400C86CCD /* FollowersCollectionViewConfigurator.swift */,
			);
			path = Controllers;
			sourceTree = "<group>";
		};
		1AED2CF82479FDEB000BC13A /* Model */ = {
			isa = PBXGroup;
			children = (
				1A4247CE2550B0D2007E42C5 /* Networking */,
				1AFCE04A2550A4DA00CCC878 /* Service */,
				1AFCE0452550A47700CCC878 /* Domain */,
			);
			path = Model;
			sourceTree = "<group>";
		};
		1AEFAEB7245F7B6800F64C17 /* Assets */ = {
			isa = PBXGroup;
			children = (
				1AEFAEB8245F7BAB00F64C17 /* ImagesAssets.swift */,
				1AEFAEBA245F7BC600F64C17 /* LocalizedStrings.swift */,
			);
			path = Assets;
			sourceTree = "<group>";
		};
		1AFCE0442550A45E00CCC878 /* Service */ = {
			isa = PBXGroup;
			children = (
				1A94FD1E243378710095932A /* GetFollowersService.swift */,
			);
			path = Service;
			sourceTree = "<group>";
		};
		1AFCE0452550A47700CCC878 /* Domain */ = {
			isa = PBXGroup;
			children = (
				1ABEB9192548696E00B04478 /* Section.swift */,
				1ABEB91F254869E000B04478 /* Follower+Hashble.swift */,
				1A6A67B825BBB9EB004F1FC1 /* FollowersRequest.swift */,
			);
			path = Domain;
			sourceTree = "<group>";
		};
		1AFCE04A2550A4DA00CCC878 /* Service */ = {
			isa = PBXGroup;
			children = (
				1AFCE0462550A49F00CCC878 /* FollowersService.swift */,
			);
			path = Service;
			sourceTree = "<group>";
		};
/* End PBXGroup section */

/* Begin PBXHeadersBuildPhase section */
		1A1C2F1A242E859000096731 /* Headers */ = {
			isa = PBXHeadersBuildPhase;
			buildActionMask = 2147483647;
			files = (
				1A1C2F30242E859100096731 /* GetFollowers.h in Headers */,
			);
			runOnlyForDeploymentPostprocessing = 0;
		};
/* End PBXHeadersBuildPhase section */

/* Begin PBXNativeTarget section */
		1A1C2F1E242E859000096731 /* GetFollowers */ = {
			isa = PBXNativeTarget;
			buildConfigurationList = 1A1C2F33242E859100096731 /* Build configuration list for PBXNativeTarget "GetFollowers" */;
			buildPhases = (
				1A1C2F1A242E859000096731 /* Headers */,
				1A1C2F1B242E859000096731 /* Sources */,
				1A1C2F1C242E859000096731 /* Frameworks */,
				1A1C2F1D242E859000096731 /* Resources */,
			);
			buildRules = (
			);
			dependencies = (
			);
			name = GetFollowers;
			productName = GetFollowers;
			productReference = 1A1C2F1F242E859100096731 /* GetFollowers.framework */;
			productType = "com.apple.product-type.framework";
		};
		1A1C2F27242E859100096731 /* GetFollowersTests */ = {
			isa = PBXNativeTarget;
			buildConfigurationList = 1A1C2F36242E859100096731 /* Build configuration list for PBXNativeTarget "GetFollowersTests" */;
			buildPhases = (
				1A1C2F24242E859100096731 /* Sources */,
				1A1C2F25242E859100096731 /* Frameworks */,
				1A1C2F26242E859100096731 /* Resources */,
			);
			buildRules = (
			);
			dependencies = (
				1A1C2F2B242E859100096731 /* PBXTargetDependency */,
			);
			name = GetFollowersTests;
			productName = GetFollowersTests;
			productReference = 1A1C2F28242E859100096731 /* GetFollowersTests.xctest */;
			productType = "com.apple.product-type.bundle.unit-test";
		};
/* End PBXNativeTarget section */

/* Begin PBXProject section */
		1A1C2F16242E859000096731 /* Project object */ = {
			isa = PBXProject;
			attributes = {
				LastSwiftUpdateCheck = 1140;
				LastUpgradeCheck = 1210;
				ORGANIZATIONNAME = "José Victor Pereira Costa";
				TargetAttributes = {
					1A1C2F1E242E859000096731 = {
						CreatedOnToolsVersion = 11.4;
					};
					1A1C2F27242E859100096731 = {
						CreatedOnToolsVersion = 11.4;
					};
				};
			};
			buildConfigurationList = 1A1C2F19242E859000096731 /* Build configuration list for PBXProject "GetFollowers" */;
			compatibilityVersion = "Xcode 9.3";
			developmentRegion = en;
			hasScannedForEncodings = 0;
			knownRegions = (
				en,
				Base,
			);
			mainGroup = 1A1C2F15242E859000096731;
			productRefGroup = 1A1C2F20242E859100096731 /* Products */;
			projectDirPath = "";
			projectRoot = "";
			targets = (
				1A1C2F1E242E859000096731 /* GetFollowers */,
				1A1C2F27242E859100096731 /* GetFollowersTests */,
			);
		};
/* End PBXProject section */

/* Begin PBXResourcesBuildPhase section */
		1A1C2F1D242E859000096731 /* Resources */ = {
			isa = PBXResourcesBuildPhase;
			buildActionMask = 2147483647;
			files = (
				1AD82C282460DE00000CCD95 /* Localizable.strings in Resources */,
			);
			runOnlyForDeploymentPostprocessing = 0;
		};
		1A1C2F26242E859100096731 /* Resources */ = {
			isa = PBXResourcesBuildPhase;
			buildActionMask = 2147483647;
			files = (
				1A6A675D25BA84EA004F1FC1 /* UserInformation.json in Resources */,
			);
			runOnlyForDeploymentPostprocessing = 0;
		};
/* End PBXResourcesBuildPhase section */

/* Begin PBXSourcesBuildPhase section */
		1A1C2F1B242E859000096731 /* Sources */ = {
			isa = PBXSourcesBuildPhase;
			buildActionMask = 2147483647;
			files = (
				1AEFAEBB245F7BC600F64C17 /* LocalizedStrings.swift in Sources */,
				1ABEB920254869E000B04478 /* Follower+Hashble.swift in Sources */,
				1A4247D02550B104007E42C5 /* FollowersNetworkingRequest.swift in Sources */,
				1A1C2F4E242E85F200096731 /* GetFollowersAlertPresenter.swift in Sources */,
				1A1C2F50242E863400096731 /* GetFollowersCoordinator.swift in Sources */,
				1A952913244D385600A5ED5D /* GetFollowersNetworkingRequest.swift in Sources */,
				1ABBDD5625E0B93900CCAA35 /* FollowersEmptyBackgroundView.swift in Sources */,
				1A5174EC255B5C4C006ACB76 /* GetUserNetworkingRequest.swift in Sources */,
				1AFCE0472550A49F00CCC878 /* FollowersService.swift in Sources */,
				1AEFAEB9245F7BAB00F64C17 /* ImagesAssets.swift in Sources */,
				1ABEB91A2548696E00B04478 /* Section.swift in Sources */,
				1A94FD1F243378710095932A /* GetFollowersService.swift in Sources */,
				1A6A67B925BBB9EB004F1FC1 /* FollowersRequest.swift in Sources */,
				1A02EDE32548B05400C86CCD /* FollowersCollectionViewConfigurator.swift in Sources */,
				1A5174E8255B5A48006ACB76 /* UserNetworkingResponse.swift in Sources */,
				1AED2CFA247A19FE000BC13A /* GetFollowersCoordintaor+GetFollowersViewControllerDelegate.swift in Sources */,
				1A94FD262433936C0095932A /* FollowerResponse.swift in Sources */,
				1A1C2F4A242E85F200096731 /* GetFollowersError.swift in Sources */,
				1ABEB92525486F1600B04478 /* FollowerCollectionViewCell.swift in Sources */,
				1A1C2F49242E85F200096731 /* Follower.swift in Sources */,
				1A1C2F4B242E85F200096731 /* GetFollowersLogicController.swift in Sources */,
				1AC5569E24C475F700EE1E08 /* FollowersLogicController.swift in Sources */,
				1AAD12B9247AAF4700C563F9 /* FollowersViewController.swift in Sources */,
				1A6A673925BA2F06004F1FC1 /* UserInformation.swift in Sources */,
				1A1C2F4C242E85F200096731 /* GetFollowersViewController.swift in Sources */,
				1A1C2F4D242E85F200096731 /* GetFollowersView.swift in Sources */,
			);
			runOnlyForDeploymentPostprocessing = 0;
		};
		1A1C2F24242E859100096731 /* Sources */ = {
			isa = PBXSourcesBuildPhase;
			buildActionMask = 2147483647;
			files = (
				1AB7CBE325E2003B00A4780D /* GetFollowersViewControllerTestAPI.swift in Sources */,
				1AFEF7CF25B1262F001DC70B /* KeyboardObserverMock.swift in Sources */,
				1A94FD0D2431695E0095932A /* GetFollowersViewContollerTests.swift in Sources */,
				1A94FD132432719B0095932A /* GetFollowersAlertPresenterMock.swift in Sources */,
				1A94FD4C2433CCD30095932A /* GetFollowersServiceMock.swift in Sources */,
				1AFEF7CB25B11758001DC70B /* GetFollowersViewMock.swift in Sources */,
				1A94FD1D24336A230095932A /* GetFollowersLogicControllerTests.swift in Sources */,
				1AB7CBF525E2119900A4780D /* GetFollowersLogicControllerTestAPI.swift in Sources */,
				1A94FD19243297E10095932A /* GetFollowersViewControllerDelegateMock.swift in Sources */,
			);
			runOnlyForDeploymentPostprocessing = 0;
		};
/* End PBXSourcesBuildPhase section */

/* Begin PBXTargetDependency section */
		1A1C2F2B242E859100096731 /* PBXTargetDependency */ = {
			isa = PBXTargetDependency;
			target = 1A1C2F1E242E859000096731 /* GetFollowers */;
			targetProxy = 1A1C2F2A242E859100096731 /* PBXContainerItemProxy */;
		};
/* End PBXTargetDependency section */

/* Begin XCBuildConfiguration section */
		1A1C2F31242E859100096731 /* Debug */ = {
			isa = XCBuildConfiguration;
			buildSettings = {
				ALWAYS_SEARCH_USER_PATHS = NO;
				CLANG_ANALYZER_NONNULL = YES;
				CLANG_ANALYZER_NUMBER_OBJECT_CONVERSION = YES_AGGRESSIVE;
				CLANG_CXX_LANGUAGE_STANDARD = "gnu++14";
				CLANG_CXX_LIBRARY = "libc++";
				CLANG_ENABLE_MODULES = YES;
				CLANG_ENABLE_OBJC_ARC = YES;
				CLANG_ENABLE_OBJC_WEAK = YES;
				CLANG_WARN_BLOCK_CAPTURE_AUTORELEASING = YES;
				CLANG_WARN_BOOL_CONVERSION = YES;
				CLANG_WARN_COMMA = YES;
				CLANG_WARN_CONSTANT_CONVERSION = YES;
				CLANG_WARN_DEPRECATED_OBJC_IMPLEMENTATIONS = YES;
				CLANG_WARN_DIRECT_OBJC_ISA_USAGE = YES_ERROR;
				CLANG_WARN_DOCUMENTATION_COMMENTS = YES;
				CLANG_WARN_EMPTY_BODY = YES;
				CLANG_WARN_ENUM_CONVERSION = YES;
				CLANG_WARN_INFINITE_RECURSION = YES;
				CLANG_WARN_INT_CONVERSION = YES;
				CLANG_WARN_NON_LITERAL_NULL_CONVERSION = YES;
				CLANG_WARN_OBJC_IMPLICIT_RETAIN_SELF = YES;
				CLANG_WARN_OBJC_LITERAL_CONVERSION = YES;
				CLANG_WARN_OBJC_ROOT_CLASS = YES_ERROR;
				CLANG_WARN_QUOTED_INCLUDE_IN_FRAMEWORK_HEADER = YES;
				CLANG_WARN_RANGE_LOOP_ANALYSIS = YES;
				CLANG_WARN_STRICT_PROTOTYPES = YES;
				CLANG_WARN_SUSPICIOUS_MOVE = YES;
				CLANG_WARN_UNGUARDED_AVAILABILITY = YES_AGGRESSIVE;
				CLANG_WARN_UNREACHABLE_CODE = YES;
				CLANG_WARN__DUPLICATE_METHOD_MATCH = YES;
				COPY_PHASE_STRIP = NO;
				CURRENT_PROJECT_VERSION = 1;
				DEBUG_INFORMATION_FORMAT = dwarf;
				ENABLE_STRICT_OBJC_MSGSEND = YES;
				ENABLE_TESTABILITY = YES;
				GCC_C_LANGUAGE_STANDARD = gnu11;
				GCC_DYNAMIC_NO_PIC = NO;
				GCC_NO_COMMON_BLOCKS = YES;
				GCC_OPTIMIZATION_LEVEL = 0;
				GCC_PREPROCESSOR_DEFINITIONS = (
					"DEBUG=1",
					"$(inherited)",
				);
				GCC_WARN_64_TO_32_BIT_CONVERSION = YES;
				GCC_WARN_ABOUT_RETURN_TYPE = YES_ERROR;
				GCC_WARN_UNDECLARED_SELECTOR = YES;
				GCC_WARN_UNINITIALIZED_AUTOS = YES_AGGRESSIVE;
				GCC_WARN_UNUSED_FUNCTION = YES;
				GCC_WARN_UNUSED_VARIABLE = YES;
				IPHONEOS_DEPLOYMENT_TARGET = 13.0;
				MTL_ENABLE_DEBUG_INFO = INCLUDE_SOURCE;
				MTL_FAST_MATH = YES;
				ONLY_ACTIVE_ARCH = YES;
				SDKROOT = iphoneos;
				SWIFT_ACTIVE_COMPILATION_CONDITIONS = DEBUG;
				SWIFT_OPTIMIZATION_LEVEL = "-Onone";
				VERSIONING_SYSTEM = "apple-generic";
				VERSION_INFO_PREFIX = "";
			};
			name = Debug;
		};
		1A1C2F32242E859100096731 /* Release */ = {
			isa = XCBuildConfiguration;
			buildSettings = {
				ALWAYS_SEARCH_USER_PATHS = NO;
				CLANG_ANALYZER_NONNULL = YES;
				CLANG_ANALYZER_NUMBER_OBJECT_CONVERSION = YES_AGGRESSIVE;
				CLANG_CXX_LANGUAGE_STANDARD = "gnu++14";
				CLANG_CXX_LIBRARY = "libc++";
				CLANG_ENABLE_MODULES = YES;
				CLANG_ENABLE_OBJC_ARC = YES;
				CLANG_ENABLE_OBJC_WEAK = YES;
				CLANG_WARN_BLOCK_CAPTURE_AUTORELEASING = YES;
				CLANG_WARN_BOOL_CONVERSION = YES;
				CLANG_WARN_COMMA = YES;
				CLANG_WARN_CONSTANT_CONVERSION = YES;
				CLANG_WARN_DEPRECATED_OBJC_IMPLEMENTATIONS = YES;
				CLANG_WARN_DIRECT_OBJC_ISA_USAGE = YES_ERROR;
				CLANG_WARN_DOCUMENTATION_COMMENTS = YES;
				CLANG_WARN_EMPTY_BODY = YES;
				CLANG_WARN_ENUM_CONVERSION = YES;
				CLANG_WARN_INFINITE_RECURSION = YES;
				CLANG_WARN_INT_CONVERSION = YES;
				CLANG_WARN_NON_LITERAL_NULL_CONVERSION = YES;
				CLANG_WARN_OBJC_IMPLICIT_RETAIN_SELF = YES;
				CLANG_WARN_OBJC_LITERAL_CONVERSION = YES;
				CLANG_WARN_OBJC_ROOT_CLASS = YES_ERROR;
				CLANG_WARN_QUOTED_INCLUDE_IN_FRAMEWORK_HEADER = YES;
				CLANG_WARN_RANGE_LOOP_ANALYSIS = YES;
				CLANG_WARN_STRICT_PROTOTYPES = YES;
				CLANG_WARN_SUSPICIOUS_MOVE = YES;
				CLANG_WARN_UNGUARDED_AVAILABILITY = YES_AGGRESSIVE;
				CLANG_WARN_UNREACHABLE_CODE = YES;
				CLANG_WARN__DUPLICATE_METHOD_MATCH = YES;
				COPY_PHASE_STRIP = NO;
				CURRENT_PROJECT_VERSION = 1;
				DEBUG_INFORMATION_FORMAT = "dwarf-with-dsym";
				ENABLE_NS_ASSERTIONS = NO;
				ENABLE_STRICT_OBJC_MSGSEND = YES;
				GCC_C_LANGUAGE_STANDARD = gnu11;
				GCC_NO_COMMON_BLOCKS = YES;
				GCC_WARN_64_TO_32_BIT_CONVERSION = YES;
				GCC_WARN_ABOUT_RETURN_TYPE = YES_ERROR;
				GCC_WARN_UNDECLARED_SELECTOR = YES;
				GCC_WARN_UNINITIALIZED_AUTOS = YES_AGGRESSIVE;
				GCC_WARN_UNUSED_FUNCTION = YES;
				GCC_WARN_UNUSED_VARIABLE = YES;
				IPHONEOS_DEPLOYMENT_TARGET = 13.0;
				MTL_ENABLE_DEBUG_INFO = NO;
				MTL_FAST_MATH = YES;
				SDKROOT = iphoneos;
				SWIFT_COMPILATION_MODE = wholemodule;
				SWIFT_OPTIMIZATION_LEVEL = "-O";
				VALIDATE_PRODUCT = YES;
				VERSIONING_SYSTEM = "apple-generic";
				VERSION_INFO_PREFIX = "";
			};
			name = Release;
		};
		1A1C2F34242E859100096731 /* Debug */ = {
			isa = XCBuildConfiguration;
			buildSettings = {
				CODE_SIGN_STYLE = Automatic;
				DEFINES_MODULE = YES;
				DEVELOPMENT_TEAM = 77FV36N6JL;
				DYLIB_COMPATIBILITY_VERSION = 1;
				DYLIB_CURRENT_VERSION = 1;
				DYLIB_INSTALL_NAME_BASE = "@rpath";
				INFOPLIST_FILE = "$(SRCROOT)/GetFollowers/Supporting Files/Info.plist";
				INSTALL_PATH = "$(LOCAL_LIBRARY_DIR)/Frameworks";
				LD_RUNPATH_SEARCH_PATHS = (
					"$(inherited)",
					"@executable_path/Frameworks",
					"@loader_path/Frameworks",
				);
				PRODUCT_BUNDLE_IDENTIFIER = br.com.jvpc.GetFollowers;
				PRODUCT_NAME = "$(TARGET_NAME:c99extidentifier)";
				SKIP_INSTALL = YES;
				SWIFT_VERSION = 5.0;
				TARGETED_DEVICE_FAMILY = "1,2";
			};
			name = Debug;
		};
		1A1C2F35242E859100096731 /* Release */ = {
			isa = XCBuildConfiguration;
			buildSettings = {
				CODE_SIGN_STYLE = Automatic;
				DEFINES_MODULE = YES;
				DEVELOPMENT_TEAM = 77FV36N6JL;
				DYLIB_COMPATIBILITY_VERSION = 1;
				DYLIB_CURRENT_VERSION = 1;
				DYLIB_INSTALL_NAME_BASE = "@rpath";
				INFOPLIST_FILE = "$(SRCROOT)/GetFollowers/Supporting Files/Info.plist";
				INSTALL_PATH = "$(LOCAL_LIBRARY_DIR)/Frameworks";
				LD_RUNPATH_SEARCH_PATHS = (
					"$(inherited)",
					"@executable_path/Frameworks",
					"@loader_path/Frameworks",
				);
				PRODUCT_BUNDLE_IDENTIFIER = br.com.jvpc.GetFollowers;
				PRODUCT_NAME = "$(TARGET_NAME:c99extidentifier)";
				SKIP_INSTALL = YES;
				SWIFT_VERSION = 5.0;
				TARGETED_DEVICE_FAMILY = "1,2";
			};
			name = Release;
		};
		1A1C2F37242E859100096731 /* Debug */ = {
			isa = XCBuildConfiguration;
			buildSettings = {
				ALWAYS_EMBED_SWIFT_STANDARD_LIBRARIES = YES;
				CODE_SIGN_STYLE = Automatic;
				DEVELOPMENT_TEAM = 77FV36N6JL;
				INFOPLIST_FILE = GetFollowersTests/Info.plist;
				LD_RUNPATH_SEARCH_PATHS = (
					"$(inherited)",
					"@executable_path/Frameworks",
					"@loader_path/Frameworks",
				);
				PRODUCT_BUNDLE_IDENTIFIER = br.com.jvpc.GetFollowersTests;
				PRODUCT_NAME = "$(TARGET_NAME)";
				SWIFT_VERSION = 5.0;
				TARGETED_DEVICE_FAMILY = "1,2";
			};
			name = Debug;
		};
		1A1C2F38242E859100096731 /* Release */ = {
			isa = XCBuildConfiguration;
			buildSettings = {
				ALWAYS_EMBED_SWIFT_STANDARD_LIBRARIES = YES;
				CODE_SIGN_STYLE = Automatic;
				DEVELOPMENT_TEAM = 77FV36N6JL;
				INFOPLIST_FILE = GetFollowersTests/Info.plist;
				LD_RUNPATH_SEARCH_PATHS = (
					"$(inherited)",
					"@executable_path/Frameworks",
					"@loader_path/Frameworks",
				);
				PRODUCT_BUNDLE_IDENTIFIER = br.com.jvpc.GetFollowersTests;
				PRODUCT_NAME = "$(TARGET_NAME)";
				SWIFT_VERSION = 5.0;
				TARGETED_DEVICE_FAMILY = "1,2";
			};
			name = Release;
		};
/* End XCBuildConfiguration section */

/* Begin XCConfigurationList section */
		1A1C2F19242E859000096731 /* Build configuration list for PBXProject "GetFollowers" */ = {
			isa = XCConfigurationList;
			buildConfigurations = (
				1A1C2F31242E859100096731 /* Debug */,
				1A1C2F32242E859100096731 /* Release */,
			);
			defaultConfigurationIsVisible = 0;
			defaultConfigurationName = Release;
		};
		1A1C2F33242E859100096731 /* Build configuration list for PBXNativeTarget "GetFollowers" */ = {
			isa = XCConfigurationList;
			buildConfigurations = (
				1A1C2F34242E859100096731 /* Debug */,
				1A1C2F35242E859100096731 /* Release */,
			);
			defaultConfigurationIsVisible = 0;
			defaultConfigurationName = Release;
		};
		1A1C2F36242E859100096731 /* Build configuration list for PBXNativeTarget "GetFollowersTests" */ = {
			isa = XCConfigurationList;
			buildConfigurations = (
				1A1C2F37242E859100096731 /* Debug */,
				1A1C2F38242E859100096731 /* Release */,
			);
			defaultConfigurationIsVisible = 0;
			defaultConfigurationName = Release;
		};
/* End XCConfigurationList section */
	};
	rootObject = 1A1C2F16242E859000096731 /* Project object */;
}
