// !$*UTF8*$!
{
	archiveVersion = 1;
	classes = {
	};
	objectVersion = 50;
	objects = {

/* Begin PBXBuildFile section */
		1A61D33B266871C50061C63D /* FavoriteProfilesBuilder.swift in Sources */ = {isa = PBXBuildFile; fileRef = 1A61D33A266871C50061C63D /* FavoriteProfilesBuilder.swift */; };
		1A61D34A266891FC0061C63D /* FavoriteProfilesLogicControllerTests.swift in Sources */ = {isa = PBXBuildFile; fileRef = 1A61D349266891FC0061C63D /* FavoriteProfilesLogicControllerTests.swift */; };
		1A61D34C266895D70061C63D /* FavoriteProfilesLogicController.swift in Sources */ = {isa = PBXBuildFile; fileRef = 1A61D34B266895D70061C63D /* FavoriteProfilesLogicController.swift */; };
		1A61D34E26691F6B0061C63D /* FavoriteProfile.swift in Sources */ = {isa = PBXBuildFile; fileRef = 1A61D34D26691F6B0061C63D /* FavoriteProfile.swift */; };
		1A61D350266925160061C63D /* FavoriteProfile+SelectedUserInformation.swift in Sources */ = {isa = PBXBuildFile; fileRef = 1A61D34F266925160061C63D /* FavoriteProfile+SelectedUserInformation.swift */; };
		1A61D353266928940061C63D /* FavoriteProfilesTableViewControllerMock.swift in Sources */ = {isa = PBXBuildFile; fileRef = 1A61D352266928940061C63D /* FavoriteProfilesTableViewControllerMock.swift */; };
		1A8A4D96266721760093E2A8 /* FavoriteProfilesCoordinator.swift in Sources */ = {isa = PBXBuildFile; fileRef = 1A8A4D95266721760093E2A8 /* FavoriteProfilesCoordinator.swift */; };
		1A8A4D98266721A30093E2A8 /* Core.framework in Frameworks */ = {isa = PBXBuildFile; fileRef = 1A8A4D97266721A30093E2A8 /* Core.framework */; };
		1A8A4DA2266724DB0093E2A8 /* FavoriteProfilesTableViewController.swift in Sources */ = {isa = PBXBuildFile; fileRef = 1A8A4DA1266724DB0093E2A8 /* FavoriteProfilesTableViewController.swift */; };
		1A9DCE0A2686C699004A37F6 /* FavoriteProfilesTableViewControllerTests.swift in Sources */ = {isa = PBXBuildFile; fileRef = 1A9DCE092686C699004A37F6 /* FavoriteProfilesTableViewControllerTests.swift */; };
		1A9DCE0C2686DBA1004A37F6 /* FavoriteProfilesSection.swift in Sources */ = {isa = PBXBuildFile; fileRef = 1A9DCE0B2686DBA1004A37F6 /* FavoriteProfilesSection.swift */; };
		1A9DCE1026880F40004A37F6 /* ProfileTableViewCell.swift in Sources */ = {isa = PBXBuildFile; fileRef = 1A9DCE0F26880F40004A37F6 /* ProfileTableViewCell.swift */; };
		1AA6678A26695F4E00DF2DAD /* FavoriteProfilesServiceTests.swift in Sources */ = {isa = PBXBuildFile; fileRef = 1AA6678926695F4E00DF2DAD /* FavoriteProfilesServiceTests.swift */; };
		1AA6678C2669648200DF2DAD /* FavoriteProfileService.swift in Sources */ = {isa = PBXBuildFile; fileRef = 1AA6678B2669648200DF2DAD /* FavoriteProfileService.swift */; };
		1AA6678E2669666E00DF2DAD /* FavoriteProfilesServiceMock.swift in Sources */ = {isa = PBXBuildFile; fileRef = 1AA6678D2669666E00DF2DAD /* FavoriteProfilesServiceMock.swift */; };
		1AA66793266969C000DF2DAD /* FavoriteProfile+Favorite.swift in Sources */ = {isa = PBXBuildFile; fileRef = 1AA66792266969C000DF2DAD /* FavoriteProfile+Favorite.swift */; };
		1AA667952669700D00DF2DAD /* FavoriteProfilesMocks.swift in Sources */ = {isa = PBXBuildFile; fileRef = 1AA667942669700D00DF2DAD /* FavoriteProfilesMocks.swift */; };
		1ABF23952664073A00FB7529 /* FavoriteProfiles.framework in Frameworks */ = {isa = PBXBuildFile; fileRef = 1ABF238B2664073A00FB7529 /* FavoriteProfiles.framework */; };
		1ABF239C2664073A00FB7529 /* FavoriteProfiles.h in Headers */ = {isa = PBXBuildFile; fileRef = 1ABF238E2664073A00FB7529 /* FavoriteProfiles.h */; settings = {ATTRIBUTES = (Public, ); }; };
		1ABF23A826640A3B00FB7529 /* DataStore.framework in Frameworks */ = {isa = PBXBuildFile; fileRef = 1ABF23A726640A3B00FB7529 /* DataStore.framework */; };
		1ABF23AC26640A7D00FB7529 /* Commons.framework in Frameworks */ = {isa = PBXBuildFile; fileRef = 1ABF23AB26640A7D00FB7529 /* Commons.framework */; };
/* End PBXBuildFile section */

/* Begin PBXContainerItemProxy section */
		1ABF23962664073A00FB7529 /* PBXContainerItemProxy */ = {
			isa = PBXContainerItemProxy;
			containerPortal = 1ABF23822664073A00FB7529 /* Project object */;
			proxyType = 1;
			remoteGlobalIDString = 1ABF238A2664073A00FB7529;
			remoteInfo = FavoriteProfiles;
		};
/* End PBXContainerItemProxy section */

/* Begin PBXFileReference section */
		1A61D33A266871C50061C63D /* FavoriteProfilesBuilder.swift */ = {isa = PBXFileReference; lastKnownFileType = sourcecode.swift; path = FavoriteProfilesBuilder.swift; sourceTree = "<group>"; };
		1A61D349266891FC0061C63D /* FavoriteProfilesLogicControllerTests.swift */ = {isa = PBXFileReference; lastKnownFileType = sourcecode.swift; path = FavoriteProfilesLogicControllerTests.swift; sourceTree = "<group>"; };
		1A61D34B266895D70061C63D /* FavoriteProfilesLogicController.swift */ = {isa = PBXFileReference; lastKnownFileType = sourcecode.swift; path = FavoriteProfilesLogicController.swift; sourceTree = "<group>"; };
		1A61D34D26691F6B0061C63D /* FavoriteProfile.swift */ = {isa = PBXFileReference; lastKnownFileType = sourcecode.swift; path = FavoriteProfile.swift; sourceTree = "<group>"; };
		1A61D34F266925160061C63D /* FavoriteProfile+SelectedUserInformation.swift */ = {isa = PBXFileReference; lastKnownFileType = sourcecode.swift; path = "FavoriteProfile+SelectedUserInformation.swift"; sourceTree = "<group>"; };
		1A61D352266928940061C63D /* FavoriteProfilesTableViewControllerMock.swift */ = {isa = PBXFileReference; lastKnownFileType = sourcecode.swift; path = FavoriteProfilesTableViewControllerMock.swift; sourceTree = "<group>"; };
		1A8A4D95266721760093E2A8 /* FavoriteProfilesCoordinator.swift */ = {isa = PBXFileReference; lastKnownFileType = sourcecode.swift; path = FavoriteProfilesCoordinator.swift; sourceTree = "<group>"; };
		1A8A4D97266721A30093E2A8 /* Core.framework */ = {isa = PBXFileReference; explicitFileType = wrapper.framework; path = Core.framework; sourceTree = BUILT_PRODUCTS_DIR; };
		1A8A4DA1266724DB0093E2A8 /* FavoriteProfilesTableViewController.swift */ = {isa = PBXFileReference; lastKnownFileType = sourcecode.swift; path = FavoriteProfilesTableViewController.swift; sourceTree = "<group>"; };
		1A9DCE092686C699004A37F6 /* FavoriteProfilesTableViewControllerTests.swift */ = {isa = PBXFileReference; lastKnownFileType = sourcecode.swift; path = FavoriteProfilesTableViewControllerTests.swift; sourceTree = "<group>"; };
		1A9DCE0B2686DBA1004A37F6 /* FavoriteProfilesSection.swift */ = {isa = PBXFileReference; lastKnownFileType = sourcecode.swift; path = FavoriteProfilesSection.swift; sourceTree = "<group>"; };
		1A9DCE0F26880F40004A37F6 /* ProfileTableViewCell.swift */ = {isa = PBXFileReference; lastKnownFileType = sourcecode.swift; path = ProfileTableViewCell.swift; sourceTree = "<group>"; };
		1AA6678926695F4E00DF2DAD /* FavoriteProfilesServiceTests.swift */ = {isa = PBXFileReference; lastKnownFileType = sourcecode.swift; path = FavoriteProfilesServiceTests.swift; sourceTree = "<group>"; };
		1AA6678B2669648200DF2DAD /* FavoriteProfileService.swift */ = {isa = PBXFileReference; lastKnownFileType = sourcecode.swift; path = FavoriteProfileService.swift; sourceTree = "<group>"; };
		1AA6678D2669666E00DF2DAD /* FavoriteProfilesServiceMock.swift */ = {isa = PBXFileReference; lastKnownFileType = sourcecode.swift; path = FavoriteProfilesServiceMock.swift; sourceTree = "<group>"; };
		1AA66792266969C000DF2DAD /* FavoriteProfile+Favorite.swift */ = {isa = PBXFileReference; lastKnownFileType = sourcecode.swift; path = "FavoriteProfile+Favorite.swift"; sourceTree = "<group>"; };
		1AA667942669700D00DF2DAD /* FavoriteProfilesMocks.swift */ = {isa = PBXFileReference; lastKnownFileType = sourcecode.swift; path = FavoriteProfilesMocks.swift; sourceTree = "<group>"; };
		1ABF238B2664073A00FB7529 /* FavoriteProfiles.framework */ = {isa = PBXFileReference; explicitFileType = wrapper.framework; includeInIndex = 0; path = FavoriteProfiles.framework; sourceTree = BUILT_PRODUCTS_DIR; };
		1ABF238E2664073A00FB7529 /* FavoriteProfiles.h */ = {isa = PBXFileReference; lastKnownFileType = sourcecode.c.h; path = FavoriteProfiles.h; sourceTree = "<group>"; };
		1ABF238F2664073A00FB7529 /* Info.plist */ = {isa = PBXFileReference; lastKnownFileType = text.plist.xml; path = Info.plist; sourceTree = "<group>"; };
		1ABF23942664073A00FB7529 /* FavoriteProfilesTests.xctest */ = {isa = PBXFileReference; explicitFileType = wrapper.cfbundle; includeInIndex = 0; path = FavoriteProfilesTests.xctest; sourceTree = BUILT_PRODUCTS_DIR; };
		1ABF239B2664073A00FB7529 /* Info.plist */ = {isa = PBXFileReference; lastKnownFileType = text.plist.xml; path = Info.plist; sourceTree = "<group>"; };
		1ABF23A726640A3B00FB7529 /* DataStore.framework */ = {isa = PBXFileReference; explicitFileType = wrapper.framework; path = DataStore.framework; sourceTree = BUILT_PRODUCTS_DIR; };
		1ABF23AB26640A7D00FB7529 /* Commons.framework */ = {isa = PBXFileReference; explicitFileType = wrapper.framework; path = Commons.framework; sourceTree = BUILT_PRODUCTS_DIR; };
/* End PBXFileReference section */

/* Begin PBXFrameworksBuildPhase section */
		1ABF23882664073A00FB7529 /* Frameworks */ = {
			isa = PBXFrameworksBuildPhase;
			buildActionMask = 2147483647;
			files = (
				1ABF23A826640A3B00FB7529 /* DataStore.framework in Frameworks */,
				1A8A4D98266721A30093E2A8 /* Core.framework in Frameworks */,
				1ABF23AC26640A7D00FB7529 /* Commons.framework in Frameworks */,
			);
			runOnlyForDeploymentPostprocessing = 0;
		};
		1ABF23912664073A00FB7529 /* Frameworks */ = {
			isa = PBXFrameworksBuildPhase;
			buildActionMask = 2147483647;
			files = (
				1ABF23952664073A00FB7529 /* FavoriteProfiles.framework in Frameworks */,
			);
			runOnlyForDeploymentPostprocessing = 0;
		};
/* End PBXFrameworksBuildPhase section */

/* Begin PBXGroup section */
		1A61D343266890AA0061C63D /* Scenes */ = {
			isa = PBXGroup;
			children = (
				1A61D344266890B40061C63D /* FavoriteProfiles */,
			);
			path = Scenes;
			sourceTree = "<group>";
		};
		1A61D344266890B40061C63D /* FavoriteProfiles */ = {
			isa = PBXGroup;
			children = (
				1AA6678826695F2B00DF2DAD /* Model */,
				1A61D351266928690061C63D /* Mocks */,
				1A61D345266890C00061C63D /* Controllers */,
			);
			path = FavoriteProfiles;
			sourceTree = "<group>";
		};
		1A61D345266890C00061C63D /* Controllers */ = {
			isa = PBXGroup;
			children = (
				1A61D349266891FC0061C63D /* FavoriteProfilesLogicControllerTests.swift */,
				1A9DCE092686C699004A37F6 /* FavoriteProfilesTableViewControllerTests.swift */,
			);
			path = Controllers;
			sourceTree = "<group>";
		};
		1A61D351266928690061C63D /* Mocks */ = {
			isa = PBXGroup;
			children = (
				1A61D352266928940061C63D /* FavoriteProfilesTableViewControllerMock.swift */,
				1AA6678D2669666E00DF2DAD /* FavoriteProfilesServiceMock.swift */,
				1AA667942669700D00DF2DAD /* FavoriteProfilesMocks.swift */,
			);
			path = Mocks;
			sourceTree = "<group>";
		};
		1A8A4D942667214E0093E2A8 /* Coordinator */ = {
			isa = PBXGroup;
			children = (
				1A8A4D95266721760093E2A8 /* FavoriteProfilesCoordinator.swift */,
			);
			path = Coordinator;
			sourceTree = "<group>";
		};
		1A8A4D9B2667225D0093E2A8 /* Scenes */ = {
			isa = PBXGroup;
			children = (
				1A8A4D9C2667227A0093E2A8 /* FavoriteProfiles */,
			);
			path = Scenes;
			sourceTree = "<group>";
		};
		1A8A4D9C2667227A0093E2A8 /* FavoriteProfiles */ = {
			isa = PBXGroup;
			children = (
				1A8A4DA42667258B0093E2A8 /* Model */,
				1A8A4DA3266725750093E2A8 /* Views */,
				1A8A4DA0266724BC0093E2A8 /* Controllers */,
			);
			path = FavoriteProfiles;
			sourceTree = "<group>";
		};
		1A8A4DA0266724BC0093E2A8 /* Controllers */ = {
			isa = PBXGroup;
			children = (
				1A8A4DA1266724DB0093E2A8 /* FavoriteProfilesTableViewController.swift */,
				1A61D34B266895D70061C63D /* FavoriteProfilesLogicController.swift */,
				1A9DCE0B2686DBA1004A37F6 /* FavoriteProfilesSection.swift */,
			);
			path = Controllers;
			sourceTree = "<group>";
		};
		1A8A4DA3266725750093E2A8 /* Views */ = {
			isa = PBXGroup;
			children = (
				1A9DCE0F26880F40004A37F6 /* ProfileTableViewCell.swift */,
			);
			path = Views;
			sourceTree = "<group>";
		};
		1A8A4DA42667258B0093E2A8 /* Model */ = {
			isa = PBXGroup;
			children = (
				1A61D34D26691F6B0061C63D /* FavoriteProfile.swift */,
				1A61D34F266925160061C63D /* FavoriteProfile+SelectedUserInformation.swift */,
				1AA6678B2669648200DF2DAD /* FavoriteProfileService.swift */,
				1AA66792266969C000DF2DAD /* FavoriteProfile+Favorite.swift */,
			);
			path = Model;
			sourceTree = "<group>";
		};
		1A8A4DA52667259F0093E2A8 /* FavoriteProfilesBuilder */ = {
			isa = PBXGroup;
			children = (
				1A61D33A266871C50061C63D /* FavoriteProfilesBuilder.swift */,
			);
			path = FavoriteProfilesBuilder;
			sourceTree = "<group>";
		};
		1AA6678826695F2B00DF2DAD /* Model */ = {
			isa = PBXGroup;
			children = (
				1AA6678926695F4E00DF2DAD /* FavoriteProfilesServiceTests.swift */,
			);
			path = Model;
			sourceTree = "<group>";
		};
		1ABF23812664073A00FB7529 = {
			isa = PBXGroup;
			children = (
				1ABF238D2664073A00FB7529 /* FavoriteProfiles */,
				1ABF23982664073A00FB7529 /* FavoriteProfilesTests */,
				1ABF238C2664073A00FB7529 /* Products */,
				1ABF23A626640A3B00FB7529 /* Frameworks */,
			);
			sourceTree = "<group>";
		};
		1ABF238C2664073A00FB7529 /* Products */ = {
			isa = PBXGroup;
			children = (
				1ABF238B2664073A00FB7529 /* FavoriteProfiles.framework */,
				1ABF23942664073A00FB7529 /* FavoriteProfilesTests.xctest */,
			);
			name = Products;
			sourceTree = "<group>";
		};
		1ABF238D2664073A00FB7529 /* FavoriteProfiles */ = {
			isa = PBXGroup;
			children = (
				1A8A4DA52667259F0093E2A8 /* FavoriteProfilesBuilder */,
				1A8A4D9B2667225D0093E2A8 /* Scenes */,
				1A8A4D942667214E0093E2A8 /* Coordinator */,
				1ABF23A52664075500FB7529 /* Supporting Files */,
			);
			path = FavoriteProfiles;
			sourceTree = "<group>";
		};
		1ABF23982664073A00FB7529 /* FavoriteProfilesTests */ = {
			isa = PBXGroup;
			children = (
				1A61D343266890AA0061C63D /* Scenes */,
				1ABF239B2664073A00FB7529 /* Info.plist */,
			);
			path = FavoriteProfilesTests;
			sourceTree = "<group>";
		};
		1ABF23A52664075500FB7529 /* Supporting Files */ = {
			isa = PBXGroup;
			children = (
				1ABF238E2664073A00FB7529 /* FavoriteProfiles.h */,
				1ABF238F2664073A00FB7529 /* Info.plist */,
			);
			path = "Supporting Files";
			sourceTree = "<group>";
		};
		1ABF23A626640A3B00FB7529 /* Frameworks */ = {
			isa = PBXGroup;
			children = (
				1A8A4D97266721A30093E2A8 /* Core.framework */,
				1ABF23AB26640A7D00FB7529 /* Commons.framework */,
				1ABF23A726640A3B00FB7529 /* DataStore.framework */,
			);
			name = Frameworks;
			sourceTree = "<group>";
		};
/* End PBXGroup section */

/* Begin PBXHeadersBuildPhase section */
		1ABF23862664073A00FB7529 /* Headers */ = {
			isa = PBXHeadersBuildPhase;
			buildActionMask = 2147483647;
			files = (
				1ABF239C2664073A00FB7529 /* FavoriteProfiles.h in Headers */,
			);
			runOnlyForDeploymentPostprocessing = 0;
		};
/* End PBXHeadersBuildPhase section */

/* Begin PBXNativeTarget section */
		1ABF238A2664073A00FB7529 /* FavoriteProfiles */ = {
			isa = PBXNativeTarget;
			buildConfigurationList = 1ABF239F2664073A00FB7529 /* Build configuration list for PBXNativeTarget "FavoriteProfiles" */;
			buildPhases = (
				1ABF23862664073A00FB7529 /* Headers */,
				1ABF23872664073A00FB7529 /* Sources */,
				1ABF23882664073A00FB7529 /* Frameworks */,
				1ABF23892664073A00FB7529 /* Resources */,
			);
			buildRules = (
			);
			dependencies = (
			);
			name = FavoriteProfiles;
			productName = FavoriteProfiles;
			productReference = 1ABF238B2664073A00FB7529 /* FavoriteProfiles.framework */;
			productType = "com.apple.product-type.framework";
		};
		1ABF23932664073A00FB7529 /* FavoriteProfilesTests */ = {
			isa = PBXNativeTarget;
			buildConfigurationList = 1ABF23A22664073A00FB7529 /* Build configuration list for PBXNativeTarget "FavoriteProfilesTests" */;
			buildPhases = (
				1ABF23902664073A00FB7529 /* Sources */,
				1ABF23912664073A00FB7529 /* Frameworks */,
				1ABF23922664073A00FB7529 /* Resources */,
			);
			buildRules = (
			);
			dependencies = (
				1ABF23972664073A00FB7529 /* PBXTargetDependency */,
			);
			name = FavoriteProfilesTests;
			productName = FavoriteProfilesTests;
			productReference = 1ABF23942664073A00FB7529 /* FavoriteProfilesTests.xctest */;
			productType = "com.apple.product-type.bundle.unit-test";
		};
/* End PBXNativeTarget section */

/* Begin PBXProject section */
		1ABF23822664073A00FB7529 /* Project object */ = {
			isa = PBXProject;
			attributes = {
				LastSwiftUpdateCheck = 1250;
				LastUpgradeCheck = 1250;
				ORGANIZATIONNAME = "José Victor Pereira Costa";
				TargetAttributes = {
					1ABF238A2664073A00FB7529 = {
						CreatedOnToolsVersion = 12.5;
						LastSwiftMigration = 1250;
					};
					1ABF23932664073A00FB7529 = {
						CreatedOnToolsVersion = 12.5;
						LastSwiftMigration = 1250;
					};
				};
			};
			buildConfigurationList = 1ABF23852664073A00FB7529 /* Build configuration list for PBXProject "FavoriteProfiles" */;
			compatibilityVersion = "Xcode 9.3";
			developmentRegion = en;
			hasScannedForEncodings = 0;
			knownRegions = (
				en,
				Base,
			);
			mainGroup = 1ABF23812664073A00FB7529;
			productRefGroup = 1ABF238C2664073A00FB7529 /* Products */;
			projectDirPath = "";
			projectRoot = "";
			targets = (
				1ABF238A2664073A00FB7529 /* FavoriteProfiles */,
				1ABF23932664073A00FB7529 /* FavoriteProfilesTests */,
			);
		};
/* End PBXProject section */

/* Begin PBXResourcesBuildPhase section */
		1ABF23892664073A00FB7529 /* Resources */ = {
			isa = PBXResourcesBuildPhase;
			buildActionMask = 2147483647;
			files = (
			);
			runOnlyForDeploymentPostprocessing = 0;
		};
		1ABF23922664073A00FB7529 /* Resources */ = {
			isa = PBXResourcesBuildPhase;
			buildActionMask = 2147483647;
			files = (
			);
			runOnlyForDeploymentPostprocessing = 0;
		};
/* End PBXResourcesBuildPhase section */

/* Begin PBXSourcesBuildPhase section */
		1ABF23872664073A00FB7529 /* Sources */ = {
			isa = PBXSourcesBuildPhase;
			buildActionMask = 2147483647;
			files = (
				1A61D33B266871C50061C63D /* FavoriteProfilesBuilder.swift in Sources */,
				1AA6678C2669648200DF2DAD /* FavoriteProfileService.swift in Sources */,
				1A61D350266925160061C63D /* FavoriteProfile+SelectedUserInformation.swift in Sources */,
				1A8A4DA2266724DB0093E2A8 /* FavoriteProfilesTableViewController.swift in Sources */,
				1A61D34C266895D70061C63D /* FavoriteProfilesLogicController.swift in Sources */,
				1AA66793266969C000DF2DAD /* FavoriteProfile+Favorite.swift in Sources */,
				1A8A4D96266721760093E2A8 /* FavoriteProfilesCoordinator.swift in Sources */,
				1A9DCE0C2686DBA1004A37F6 /* FavoriteProfilesSection.swift in Sources */,
				1A9DCE1026880F40004A37F6 /* ProfileTableViewCell.swift in Sources */,
				1A61D34E26691F6B0061C63D /* FavoriteProfile.swift in Sources */,
			);
			runOnlyForDeploymentPostprocessing = 0;
		};
		1ABF23902664073A00FB7529 /* Sources */ = {
			isa = PBXSourcesBuildPhase;
			buildActionMask = 2147483647;
			files = (
				1AA667952669700D00DF2DAD /* FavoriteProfilesMocks.swift in Sources */,
				1A61D34A266891FC0061C63D /* FavoriteProfilesLogicControllerTests.swift in Sources */,
				1AA6678E2669666E00DF2DAD /* FavoriteProfilesServiceMock.swift in Sources */,
				1AA6678A26695F4E00DF2DAD /* FavoriteProfilesServiceTests.swift in Sources */,
				1A9DCE0A2686C699004A37F6 /* FavoriteProfilesTableViewControllerTests.swift in Sources */,
				1A61D353266928940061C63D /* FavoriteProfilesTableViewControllerMock.swift in Sources */,
			);
			runOnlyForDeploymentPostprocessing = 0;
		};
/* End PBXSourcesBuildPhase section */

/* Begin PBXTargetDependency section */
		1ABF23972664073A00FB7529 /* PBXTargetDependency */ = {
			isa = PBXTargetDependency;
			target = 1ABF238A2664073A00FB7529 /* FavoriteProfiles */;
			targetProxy = 1ABF23962664073A00FB7529 /* PBXContainerItemProxy */;
		};
/* End PBXTargetDependency section */

/* Begin XCBuildConfiguration section */
		1ABF239D2664073A00FB7529 /* Debug */ = {
			isa = XCBuildConfiguration;
			buildSettings = {
				ALWAYS_SEARCH_USER_PATHS = NO;
				CLANG_ANALYZER_NONNULL = YES;
				CLANG_ANALYZER_NUMBER_OBJECT_CONVERSION = YES_AGGRESSIVE;
				CLANG_CXX_LANGUAGE_STANDARD = "gnu++14";
				CLANG_CXX_LIBRARY = "libc++";
				CLANG_ENABLE_MODULES = YES;
				CLANG_ENABLE_OBJC_ARC = YES;
				CLANG_ENABLE_OBJC_WEAK = YES;
				CLANG_WARN_BLOCK_CAPTURE_AUTORELEASING = YES;
				CLANG_WARN_BOOL_CONVERSION = YES;
				CLANG_WARN_COMMA = YES;
				CLANG_WARN_CONSTANT_CONVERSION = YES;
				CLANG_WARN_DEPRECATED_OBJC_IMPLEMENTATIONS = YES;
				CLANG_WARN_DIRECT_OBJC_ISA_USAGE = YES_ERROR;
				CLANG_WARN_DOCUMENTATION_COMMENTS = YES;
				CLANG_WARN_EMPTY_BODY = YES;
				CLANG_WARN_ENUM_CONVERSION = YES;
				CLANG_WARN_INFINITE_RECURSION = YES;
				CLANG_WARN_INT_CONVERSION = YES;
				CLANG_WARN_NON_LITERAL_NULL_CONVERSION = YES;
				CLANG_WARN_OBJC_IMPLICIT_RETAIN_SELF = YES;
				CLANG_WARN_OBJC_LITERAL_CONVERSION = YES;
				CLANG_WARN_OBJC_ROOT_CLASS = YES_ERROR;
				CLANG_WARN_QUOTED_INCLUDE_IN_FRAMEWORK_HEADER = YES;
				CLANG_WARN_RANGE_LOOP_ANALYSIS = YES;
				CLANG_WARN_STRICT_PROTOTYPES = YES;
				CLANG_WARN_SUSPICIOUS_MOVE = YES;
				CLANG_WARN_UNGUARDED_AVAILABILITY = YES_AGGRESSIVE;
				CLANG_WARN_UNREACHABLE_CODE = YES;
				CLANG_WARN__DUPLICATE_METHOD_MATCH = YES;
				COPY_PHASE_STRIP = NO;
				CURRENT_PROJECT_VERSION = 1;
				DEBUG_INFORMATION_FORMAT = dwarf;
				ENABLE_STRICT_OBJC_MSGSEND = YES;
				ENABLE_TESTABILITY = YES;
				GCC_C_LANGUAGE_STANDARD = gnu11;
				GCC_DYNAMIC_NO_PIC = NO;
				GCC_NO_COMMON_BLOCKS = YES;
				GCC_OPTIMIZATION_LEVEL = 0;
				GCC_PREPROCESSOR_DEFINITIONS = (
					"DEBUG=1",
					"$(inherited)",
				);
				GCC_WARN_64_TO_32_BIT_CONVERSION = YES;
				GCC_WARN_ABOUT_RETURN_TYPE = YES_ERROR;
				GCC_WARN_UNDECLARED_SELECTOR = YES;
				GCC_WARN_UNINITIALIZED_AUTOS = YES_AGGRESSIVE;
				GCC_WARN_UNUSED_FUNCTION = YES;
				GCC_WARN_UNUSED_VARIABLE = YES;
				IPHONEOS_DEPLOYMENT_TARGET = 13.0;
				MTL_ENABLE_DEBUG_INFO = INCLUDE_SOURCE;
				MTL_FAST_MATH = YES;
				ONLY_ACTIVE_ARCH = YES;
				SDKROOT = iphoneos;
				SWIFT_ACTIVE_COMPILATION_CONDITIONS = DEBUG;
				SWIFT_OPTIMIZATION_LEVEL = "-Onone";
				VERSIONING_SYSTEM = "apple-generic";
				VERSION_INFO_PREFIX = "";
			};
			name = Debug;
		};
		1ABF239E2664073A00FB7529 /* Release */ = {
			isa = XCBuildConfiguration;
			buildSettings = {
				ALWAYS_SEARCH_USER_PATHS = NO;
				CLANG_ANALYZER_NONNULL = YES;
				CLANG_ANALYZER_NUMBER_OBJECT_CONVERSION = YES_AGGRESSIVE;
				CLANG_CXX_LANGUAGE_STANDARD = "gnu++14";
				CLANG_CXX_LIBRARY = "libc++";
				CLANG_ENABLE_MODULES = YES;
				CLANG_ENABLE_OBJC_ARC = YES;
				CLANG_ENABLE_OBJC_WEAK = YES;
				CLANG_WARN_BLOCK_CAPTURE_AUTORELEASING = YES;
				CLANG_WARN_BOOL_CONVERSION = YES;
				CLANG_WARN_COMMA = YES;
				CLANG_WARN_CONSTANT_CONVERSION = YES;
				CLANG_WARN_DEPRECATED_OBJC_IMPLEMENTATIONS = YES;
				CLANG_WARN_DIRECT_OBJC_ISA_USAGE = YES_ERROR;
				CLANG_WARN_DOCUMENTATION_COMMENTS = YES;
				CLANG_WARN_EMPTY_BODY = YES;
				CLANG_WARN_ENUM_CONVERSION = YES;
				CLANG_WARN_INFINITE_RECURSION = YES;
				CLANG_WARN_INT_CONVERSION = YES;
				CLANG_WARN_NON_LITERAL_NULL_CONVERSION = YES;
				CLANG_WARN_OBJC_IMPLICIT_RETAIN_SELF = YES;
				CLANG_WARN_OBJC_LITERAL_CONVERSION = YES;
				CLANG_WARN_OBJC_ROOT_CLASS = YES_ERROR;
				CLANG_WARN_QUOTED_INCLUDE_IN_FRAMEWORK_HEADER = YES;
				CLANG_WARN_RANGE_LOOP_ANALYSIS = YES;
				CLANG_WARN_STRICT_PROTOTYPES = YES;
				CLANG_WARN_SUSPICIOUS_MOVE = YES;
				CLANG_WARN_UNGUARDED_AVAILABILITY = YES_AGGRESSIVE;
				CLANG_WARN_UNREACHABLE_CODE = YES;
				CLANG_WARN__DUPLICATE_METHOD_MATCH = YES;
				COPY_PHASE_STRIP = NO;
				CURRENT_PROJECT_VERSION = 1;
				DEBUG_INFORMATION_FORMAT = "dwarf-with-dsym";
				ENABLE_NS_ASSERTIONS = NO;
				ENABLE_STRICT_OBJC_MSGSEND = YES;
				GCC_C_LANGUAGE_STANDARD = gnu11;
				GCC_NO_COMMON_BLOCKS = YES;
				GCC_WARN_64_TO_32_BIT_CONVERSION = YES;
				GCC_WARN_ABOUT_RETURN_TYPE = YES_ERROR;
				GCC_WARN_UNDECLARED_SELECTOR = YES;
				GCC_WARN_UNINITIALIZED_AUTOS = YES_AGGRESSIVE;
				GCC_WARN_UNUSED_FUNCTION = YES;
				GCC_WARN_UNUSED_VARIABLE = YES;
				IPHONEOS_DEPLOYMENT_TARGET = 13.0;
				MTL_ENABLE_DEBUG_INFO = NO;
				MTL_FAST_MATH = YES;
				SDKROOT = iphoneos;
				SWIFT_COMPILATION_MODE = wholemodule;
				SWIFT_OPTIMIZATION_LEVEL = "-O";
				VALIDATE_PRODUCT = YES;
				VERSIONING_SYSTEM = "apple-generic";
				VERSION_INFO_PREFIX = "";
			};
			name = Release;
		};
		1ABF23A02664073A00FB7529 /* Debug */ = {
			isa = XCBuildConfiguration;
			buildSettings = {
				CLANG_ENABLE_MODULES = YES;
				CODE_SIGN_STYLE = Automatic;
				DEFINES_MODULE = YES;
				DEVELOPMENT_TEAM = 77FV36N6JL;
				DYLIB_COMPATIBILITY_VERSION = 1;
				DYLIB_CURRENT_VERSION = 1;
				DYLIB_INSTALL_NAME_BASE = "@rpath";
				INFOPLIST_FILE = "FavoriteProfiles/Supporting Files/Info.plist";
				INSTALL_PATH = "$(LOCAL_LIBRARY_DIR)/Frameworks";
				LD_RUNPATH_SEARCH_PATHS = (
					"$(inherited)",
					"@executable_path/Frameworks",
					"@loader_path/Frameworks",
				);
				PRODUCT_BUNDLE_IDENTIFIER = br.com.jvpc.FavoriteProfiles;
				PRODUCT_NAME = "$(TARGET_NAME:c99extidentifier)";
				SKIP_INSTALL = YES;
				SWIFT_OPTIMIZATION_LEVEL = "-Onone";
				SWIFT_VERSION = 5.0;
				TARGETED_DEVICE_FAMILY = "1,2";
			};
			name = Debug;
		};
		1ABF23A12664073A00FB7529 /* Release */ = {
			isa = XCBuildConfiguration;
			buildSettings = {
				CLANG_ENABLE_MODULES = YES;
				CODE_SIGN_STYLE = Automatic;
				DEFINES_MODULE = YES;
				DEVELOPMENT_TEAM = 77FV36N6JL;
				DYLIB_COMPATIBILITY_VERSION = 1;
				DYLIB_CURRENT_VERSION = 1;
				DYLIB_INSTALL_NAME_BASE = "@rpath";
				INFOPLIST_FILE = "FavoriteProfiles/Supporting Files/Info.plist";
				INSTALL_PATH = "$(LOCAL_LIBRARY_DIR)/Frameworks";
				LD_RUNPATH_SEARCH_PATHS = (
					"$(inherited)",
					"@executable_path/Frameworks",
					"@loader_path/Frameworks",
				);
				PRODUCT_BUNDLE_IDENTIFIER = br.com.jvpc.FavoriteProfiles;
				PRODUCT_NAME = "$(TARGET_NAME:c99extidentifier)";
				SKIP_INSTALL = YES;
				SWIFT_VERSION = 5.0;
				TARGETED_DEVICE_FAMILY = "1,2";
			};
			name = Release;
		};
		1ABF23A32664073A00FB7529 /* Debug */ = {
			isa = XCBuildConfiguration;
			buildSettings = {
				ALWAYS_EMBED_SWIFT_STANDARD_LIBRARIES = YES;
				CLANG_ENABLE_MODULES = YES;
				CODE_SIGN_STYLE = Automatic;
				DEVELOPMENT_TEAM = 77FV36N6JL;
				INFOPLIST_FILE = FavoriteProfilesTests/Info.plist;
				LD_RUNPATH_SEARCH_PATHS = (
					"$(inherited)",
					"@executable_path/Frameworks",
					"@loader_path/Frameworks",
				);
				PRODUCT_BUNDLE_IDENTIFIER = br.com.jvpc.FavoriteProfilesTests;
				PRODUCT_NAME = "$(TARGET_NAME)";
				SWIFT_OPTIMIZATION_LEVEL = "-Onone";
				SWIFT_VERSION = 5.0;
				TARGETED_DEVICE_FAMILY = "1,2";
			};
			name = Debug;
		};
		1ABF23A42664073A00FB7529 /* Release */ = {
			isa = XCBuildConfiguration;
			buildSettings = {
				ALWAYS_EMBED_SWIFT_STANDARD_LIBRARIES = YES;
				CLANG_ENABLE_MODULES = YES;
				CODE_SIGN_STYLE = Automatic;
				DEVELOPMENT_TEAM = 77FV36N6JL;
				INFOPLIST_FILE = FavoriteProfilesTests/Info.plist;
				LD_RUNPATH_SEARCH_PATHS = (
					"$(inherited)",
					"@executable_path/Frameworks",
					"@loader_path/Frameworks",
				);
				PRODUCT_BUNDLE_IDENTIFIER = br.com.jvpc.FavoriteProfilesTests;
				PRODUCT_NAME = "$(TARGET_NAME)";
				SWIFT_VERSION = 5.0;
				TARGETED_DEVICE_FAMILY = "1,2";
			};
			name = Release;
		};
/* End XCBuildConfiguration section */

/* Begin XCConfigurationList section */
		1ABF23852664073A00FB7529 /* Build configuration list for PBXProject "FavoriteProfiles" */ = {
			isa = XCConfigurationList;
			buildConfigurations = (
				1ABF239D2664073A00FB7529 /* Debug */,
				1ABF239E2664073A00FB7529 /* Release */,
			);
			defaultConfigurationIsVisible = 0;
			defaultConfigurationName = Release;
		};
		1ABF239F2664073A00FB7529 /* Build configuration list for PBXNativeTarget "FavoriteProfiles" */ = {
			isa = XCConfigurationList;
			buildConfigurations = (
				1ABF23A02664073A00FB7529 /* Debug */,
				1ABF23A12664073A00FB7529 /* Release */,
			);
			defaultConfigurationIsVisible = 0;
			defaultConfigurationName = Release;
		};
		1ABF23A22664073A00FB7529 /* Build configuration list for PBXNativeTarget "FavoriteProfilesTests" */ = {
			isa = XCConfigurationList;
			buildConfigurations = (
				1ABF23A32664073A00FB7529 /* Debug */,
				1ABF23A42664073A00FB7529 /* Release */,
			);
			defaultConfigurationIsVisible = 0;
			defaultConfigurationName = Release;
		};
/* End XCConfigurationList section */
	};
	rootObject = 1ABF23822664073A00FB7529 /* Project object */;
}
